
Microsoft Visual Studio Solution File, Format Version 12.00
# Visual Studio 15
VisualStudioVersion = 15.0.28307.705
MinimumVisualStudioVersion = 10.0.40219.1
Project("{FAE04EC0-301F-11D3-BF4B-00C04F79EFBC}") = "Random_Number_Generator", "Random_Number_Generator\Random_Number_Generator.csproj", "{A28A9BC1-4A38-4CF9-8770-A328FCD9D79E}"
EndProject
Global
	GlobalSection(SolutionConfigurationPlatforms) = preSolution
		Debug|Any CPU = Debug|Any CPU
		Release|Any CPU = Release|Any CPU
	EndGlobalSection
	GlobalSection(ProjectConfigurationPlatforms) = postSolution
		{A28A9BC1-4A38-4CF9-8770-A328FCD9D79E}.Debug|Any CPU.ActiveCfg = Debug|Any CPU
		{A28A9BC1-4A38-4CF9-8770-A328FCD9D79E}.Debug|Any CPU.Build.0 = Debug|Any CPU
		{A28A9BC1-4A38-4CF9-8770-A328FCD9D79E}.Release|Any CPU.ActiveCfg = Release|Any CPU
		{A28A9BC1-4A38-4CF9-8770-A328FCD9D79E}.Release|Any CPU.Build.0 = Release|Any CPU
	EndGlobalSection
	GlobalSection(SolutionProperties) = preSolution
		HideSolutionNode = FALSE
	EndGlobalSection
	GlobalSection(ExtensibilityGlobals) = postSolution
		SolutionGuid = {BB2A9FFF-06AF-47A6-8D4F-7E75AB4A1207}
	EndGlobalSection
EndGlobal
